
Microsoft Visual Studio Solution File, Format Version 12.00
# Visual Studio Version 17
VisualStudioVersion = 17.9.34728.123
MinimumVisualStudioVersion = 10.0.40219.1
Project("{9A19103F-16F7-4668-BE54-9A1E7A4F7556}") = "DataSystemAPI", "DataSystemAPI\DataSystemAPI.csproj", "{566BCD72-0E5A-4122-A0C2-E55007FFD1E8}"
EndProject
Project("{FAE04EC0-301F-11D3-BF4B-00C04F79EFBC}") = "DataSystemFront", "DataSystemFront\DataSystemFront.csproj", "{1F68B14F-9F45-4ED4-ACAD-F8F3F07B7A78}"
EndProject
Global
	GlobalSection(SolutionConfigurationPlatforms) = preSolution
		Debug|Any CPU = Debug|Any CPU
		Release|Any CPU = Release|Any CPU
	EndGlobalSection
	GlobalSection(ProjectConfigurationPlatforms) = postSolution
		{566BCD72-0E5A-4122-A0C2-E55007FFD1E8}.Debug|Any CPU.ActiveCfg = Debug|Any CPU
		{566BCD72-0E5A-4122-A0C2-E55007FFD1E8}.Debug|Any CPU.Build.0 = Debug|Any CPU
		{566BCD72-0E5A-4122-A0C2-E55007FFD1E8}.Release|Any CPU.ActiveCfg = Release|Any CPU
		{566BCD72-0E5A-4122-A0C2-E55007FFD1E8}.Release|Any CPU.Build.0 = Release|Any CPU
		{1F68B14F-9F45-4ED4-ACAD-F8F3F07B7A78}.Debug|Any CPU.ActiveCfg = Debug|Any CPU
		{1F68B14F-9F45-4ED4-ACAD-F8F3F07B7A78}.Debug|Any CPU.Build.0 = Debug|Any CPU
		{1F68B14F-9F45-4ED4-ACAD-F8F3F07B7A78}.Release|Any CPU.ActiveCfg = Release|Any CPU
		{1F68B14F-9F45-4ED4-ACAD-F8F3F07B7A78}.Release|Any CPU.Build.0 = Release|Any CPU
	EndGlobalSection
	GlobalSection(SolutionProperties) = preSolution
		HideSolutionNode = FALSE
	EndGlobalSection
	GlobalSection(ExtensibilityGlobals) = postSolution
		SolutionGuid = {DFCF495C-B258-4081-B51A-31FECDAB9BF9}
	EndGlobalSection
EndGlobal
